
Microsoft Visual Studio Solution File, Format Version 12.00
# Visual Studio Version 17
VisualStudioVersion = 17.8.34316.72
MinimumVisualStudioVersion = 10.0.40219.1
Project("{FAE04EC0-301F-11D3-BF4B-00C04F79EFBC}") = "ЖАБИЙ_БОТ", "ЖАБИЙ_БОТ\ЖАБИЙ_БОТ.csproj", "{3E2FF9CA-6BA6-4254-AC4C-616F80996840}"
EndProject
Global
	GlobalSection(SolutionConfigurationPlatforms) = preSolution
		Debug|Any CPU = Debug|Any CPU
		Release|Any CPU = Release|Any CPU
	EndGlobalSection
	GlobalSection(ProjectConfigurationPlatforms) = postSolution
		{3E2FF9CA-6BA6-4254-AC4C-616F80996840}.Debug|Any CPU.ActiveCfg = Debug|Any CPU
		{3E2FF9CA-6BA6-4254-AC4C-616F80996840}.Debug|Any CPU.Build.0 = Debug|Any CPU
		{3E2FF9CA-6BA6-4254-AC4C-616F80996840}.Release|Any CPU.ActiveCfg = Release|Any CPU
		{3E2FF9CA-6BA6-4254-AC4C-616F80996840}.Release|Any CPU.Build.0 = Release|Any CPU
	EndGlobalSection
	GlobalSection(SolutionProperties) = preSolution
		HideSolutionNode = FALSE
	EndGlobalSection
	GlobalSection(ExtensibilityGlobals) = postSolution
		SolutionGuid = {20D25751-FEF9-4770-BF19-7452A92551F2}
	EndGlobalSection
EndGlobal
